// !$*UTF8*$!
{
	archiveVersion = 1;
	classes = {
	};
	objectVersion = 56;
	objects = {

/* Begin PBXBuildFile section */
		AFA7C3C828FD3A90004B792C /* Assets.xcassets in Resources */ = {isa = PBXBuildFile; fileRef = AFA7C3AA28FD3A90004B792C /* Assets.xcassets */; };
		AFA7C3C928FD3A90004B792C /* DetailCoordinator.swift in Sources */ = {isa = PBXBuildFile; fileRef = AFA7C3AC28FD3A90004B792C /* DetailCoordinator.swift */; };
		AFA7C3CA28FD3A90004B792C /* ApplicationCoordinator.swift in Sources */ = {isa = PBXBuildFile; fileRef = AFA7C3AD28FD3A90004B792C /* ApplicationCoordinator.swift */; };
		AFA7C3CB28FD3A90004B792C /* AllCoordinator.swift in Sources */ = {isa = PBXBuildFile; fileRef = AFA7C3AE28FD3A90004B792C /* AllCoordinator.swift */; };
		AFA7C3CC28FD3A90004B792C /* Coordinator.swift in Sources */ = {isa = PBXBuildFile; fileRef = AFA7C3AF28FD3A90004B792C /* Coordinator.swift */; };
		AFA7C3CE28FD3A90004B792C /* Notifications.swift in Sources */ = {isa = PBXBuildFile; fileRef = AFA7C3B228FD3A90004B792C /* Notifications.swift */; };
		AFA7C3CF28FD3A90004B792C /* AppDelegate.swift in Sources */ = {isa = PBXBuildFile; fileRef = AFA7C3B328FD3A90004B792C /* AppDelegate.swift */; };
		AFA7C3D128FD3A90004B792C /* DetailViewController.swift in Sources */ = {isa = PBXBuildFile; fileRef = AFA7C3B728FD3A90004B792C /* DetailViewController.swift */; };
		AFA7C3D228FD3A90004B792C /* DetailViewController.xib in Resources */ = {isa = PBXBuildFile; fileRef = AFA7C3B828FD3A90004B792C /* DetailViewController.xib */; };
		AFA7C3D328FD3A90004B792C /* ListViewController.xib in Resources */ = {isa = PBXBuildFile; fileRef = AFA7C3BA28FD3A90004B792C /* ListViewController.xib */; };
		AFA7C3D428FD3A90004B792C /* ListViewController.swift in Sources */ = {isa = PBXBuildFile; fileRef = AFA7C3BB28FD3A90004B792C /* ListViewController.swift */; };
		AFA7C3D528FD3A90004B792C /* ViewController.swift in Sources */ = {isa = PBXBuildFile; fileRef = AFA7C3BD28FD3A90004B792C /* ViewController.swift */; };
		AFA7C3D728FD3A90004B792C /* AllState.swift in Sources */ = {isa = PBXBuildFile; fileRef = AFA7C3C128FD3A90004B792C /* AllState.swift */; };
		AFA7C3D828FD3A90004B792C /* StateMachine.swift in Sources */ = {isa = PBXBuildFile; fileRef = AFA7C3C228FD3A90004B792C /* StateMachine.swift */; };
		AFA7C3D928FD3A90004B792C /* DetailState.swift in Sources */ = {isa = PBXBuildFile; fileRef = AFA7C3C328FD3A90004B792C /* DetailState.swift */; };
		AFA7C3DA28FD3A90004B792C /* Language.swift in Sources */ = {isa = PBXBuildFile; fileRef = AFA7C3C528FD3A90004B792C /* Language.swift */; };
		AFA7C3DB28FD3A90004B792C /* LaunchScreen.storyboard in Resources */ = {isa = PBXBuildFile; fileRef = AFA7C3C628FD3A90004B792C /* LaunchScreen.storyboard */; };
/* End PBXBuildFile section */

/* Begin PBXFileReference section */
		AFA7C39228FD39CC004B792C /* CoordinatorAsStateMachine.app */ = {isa = PBXFileReference; explicitFileType = wrapper.application; includeInIndex = 0; path = CoordinatorAsStateMachine.app; sourceTree = BUILT_PRODUCTS_DIR; };
		AFA7C3AA28FD3A90004B792C /* Assets.xcassets */ = {isa = PBXFileReference; lastKnownFileType = folder.assetcatalog; path = Assets.xcassets; sourceTree = "<group>"; };
		AFA7C3AC28FD3A90004B792C /* DetailCoordinator.swift */ = {isa = PBXFileReference; fileEncoding = 4; lastKnownFileType = sourcecode.swift; path = DetailCoordinator.swift; sourceTree = "<group>"; };
		AFA7C3AD28FD3A90004B792C /* ApplicationCoordinator.swift */ = {isa = PBXFileReference; fileEncoding = 4; lastKnownFileType = sourcecode.swift; path = ApplicationCoordinator.swift; sourceTree = "<group>"; };
		AFA7C3AE28FD3A90004B792C /* AllCoordinator.swift */ = {isa = PBXFileReference; fileEncoding = 4; lastKnownFileType = sourcecode.swift; path = AllCoordinator.swift; sourceTree = "<group>"; };
		AFA7C3AF28FD3A90004B792C /* Coordinator.swift */ = {isa = PBXFileReference; fileEncoding = 4; lastKnownFileType = sourcecode.swift; path = Coordinator.swift; sourceTree = "<group>"; };
		AFA7C3B228FD3A90004B792C /* Notifications.swift */ = {isa = PBXFileReference; fileEncoding = 4; lastKnownFileType = sourcecode.swift; path = Notifications.swift; sourceTree = "<group>"; };
		AFA7C3B328FD3A90004B792C /* AppDelegate.swift */ = {isa = PBXFileReference; fileEncoding = 4; lastKnownFileType = sourcecode.swift; path = AppDelegate.swift; sourceTree = "<group>"; };
		AFA7C3B428FD3A90004B792C /* Info.plist */ = {isa = PBXFileReference; fileEncoding = 4; lastKnownFileType = text.plist.xml; path = Info.plist; sourceTree = "<group>"; };
		AFA7C3B728FD3A90004B792C /* DetailViewController.swift */ = {isa = PBXFileReference; fileEncoding = 4; lastKnownFileType = sourcecode.swift; path = DetailViewController.swift; sourceTree = "<group>"; };
		AFA7C3B828FD3A90004B792C /* DetailViewController.xib */ = {isa = PBXFileReference; fileEncoding = 4; lastKnownFileType = file.xib; path = DetailViewController.xib; sourceTree = "<group>"; };
		AFA7C3BA28FD3A90004B792C /* ListViewController.xib */ = {isa = PBXFileReference; fileEncoding = 4; lastKnownFileType = file.xib; path = ListViewController.xib; sourceTree = "<group>"; };
		AFA7C3BB28FD3A90004B792C /* ListViewController.swift */ = {isa = PBXFileReference; fileEncoding = 4; lastKnownFileType = sourcecode.swift; path = ListViewController.swift; sourceTree = "<group>"; };
		AFA7C3BD28FD3A90004B792C /* ViewController.swift */ = {isa = PBXFileReference; fileEncoding = 4; lastKnownFileType = sourcecode.swift; path = ViewController.swift; sourceTree = "<group>"; };
		AFA7C3C128FD3A90004B792C /* AllState.swift */ = {isa = PBXFileReference; fileEncoding = 4; lastKnownFileType = sourcecode.swift; path = AllState.swift; sourceTree = "<group>"; };
		AFA7C3C228FD3A90004B792C /* StateMachine.swift */ = {isa = PBXFileReference; fileEncoding = 4; lastKnownFileType = sourcecode.swift; path = StateMachine.swift; sourceTree = "<group>"; };
		AFA7C3C328FD3A90004B792C /* DetailState.swift */ = {isa = PBXFileReference; fileEncoding = 4; lastKnownFileType = sourcecode.swift; path = DetailState.swift; sourceTree = "<group>"; };
		AFA7C3C528FD3A90004B792C /* Language.swift */ = {isa = PBXFileReference; fileEncoding = 4; lastKnownFileType = sourcecode.swift; path = Language.swift; sourceTree = "<group>"; };
		AFA7C3C628FD3A90004B792C /* LaunchScreen.storyboard */ = {isa = PBXFileReference; fileEncoding = 4; lastKnownFileType = file.storyboard; path = LaunchScreen.storyboard; sourceTree = "<group>"; };
/* End PBXFileReference section */

/* Begin PBXFrameworksBuildPhase section */
		AFA7C38F28FD39CC004B792C /* Frameworks */ = {
			isa = PBXFrameworksBuildPhase;
			buildActionMask = 2147483647;
			files = (
			);
			runOnlyForDeploymentPostprocessing = 0;
		};
/* End PBXFrameworksBuildPhase section */

/* Begin PBXGroup section */
		AFA7C38928FD39CC004B792C = {
			isa = PBXGroup;
			children = (
				AFA7C39428FD39CC004B792C /* CoordinatorAsStateMachine */,
				AFA7C39328FD39CC004B792C /* Products */,
			);
			sourceTree = "<group>";
		};
		AFA7C39328FD39CC004B792C /* Products */ = {
			isa = PBXGroup;
			children = (
				AFA7C39228FD39CC004B792C /* CoordinatorAsStateMachine.app */,
			);
			name = Products;
			sourceTree = "<group>";
		};
		AFA7C39428FD39CC004B792C /* CoordinatorAsStateMachine */ = {
			isa = PBXGroup;
			children = (
				AFA7C3C428FD3A90004B792C /* Model */,
				AFA7C3B128FD3A90004B792C /* Application */,
				AFA7C3AB28FD3A90004B792C /* Coordinators */,
				AFA7C3B528FD3A90004B792C /* Screens */,
				AFA7C3AA28FD3A90004B792C /* Assets.xcassets */,
				AFA7C3C628FD3A90004B792C /* LaunchScreen.storyboard */,
			);
			path = CoordinatorAsStateMachine;
			sourceTree = "<group>";
		};
		AFA7C3AB28FD3A90004B792C /* Coordinators */ = {
			isa = PBXGroup;
			children = (
				AFA7C3C028FD3A90004B792C /* State Machine */,
				AFA7C3AF28FD3A90004B792C /* Coordinator.swift */,
				AFA7C3AD28FD3A90004B792C /* ApplicationCoordinator.swift */,
				AFA7C3AE28FD3A90004B792C /* AllCoordinator.swift */,
				AFA7C3AC28FD3A90004B792C /* DetailCoordinator.swift */,
			);
			path = Coordinators;
			sourceTree = "<group>";
		};
		AFA7C3B128FD3A90004B792C /* Application */ = {
			isa = PBXGroup;
			children = (
				AFA7C3B228FD3A90004B792C /* Notifications.swift */,
				AFA7C3B328FD3A90004B792C /* AppDelegate.swift */,
				AFA7C3B428FD3A90004B792C /* Info.plist */,
			);
			path = Application;
			sourceTree = "<group>";
		};
		AFA7C3B528FD3A90004B792C /* Screens */ = {
			isa = PBXGroup;
			children = (
				AFA7C3BC28FD3A90004B792C /* Base View Controller */,
				AFA7C3B628FD3A90004B792C /* Details */,
				AFA7C3B928FD3A90004B792C /* List */,
			);
			path = Screens;
			sourceTree = "<group>";
		};
		AFA7C3B628FD3A90004B792C /* Details */ = {
			isa = PBXGroup;
			children = (
				AFA7C3B728FD3A90004B792C /* DetailViewController.swift */,
				AFA7C3B828FD3A90004B792C /* DetailViewController.xib */,
			);
			path = Details;
			sourceTree = "<group>";
		};
		AFA7C3B928FD3A90004B792C /* List */ = {
			isa = PBXGroup;
			children = (
				AFA7C3BB28FD3A90004B792C /* ListViewController.swift */,
				AFA7C3BA28FD3A90004B792C /* ListViewController.xib */,
			);
			path = List;
			sourceTree = "<group>";
		};
		AFA7C3BC28FD3A90004B792C /* Base View Controller */ = {
			isa = PBXGroup;
			children = (
				AFA7C3BD28FD3A90004B792C /* ViewController.swift */,
			);
			path = "Base View Controller";
			sourceTree = "<group>";
		};
		AFA7C3C028FD3A90004B792C /* State Machine */ = {
			isa = PBXGroup;
			children = (
				AFA7C3C228FD3A90004B792C /* StateMachine.swift */,
				AFA7C3C128FD3A90004B792C /* AllState.swift */,
				AFA7C3C328FD3A90004B792C /* DetailState.swift */,
			);
			path = "State Machine";
			sourceTree = "<group>";
		};
		AFA7C3C428FD3A90004B792C /* Model */ = {
			isa = PBXGroup;
			children = (
				AFA7C3C528FD3A90004B792C /* Language.swift */,
			);
			path = Model;
			sourceTree = "<group>";
		};
/* End PBXGroup section */

/* Begin PBXNativeTarget section */
		AFA7C39128FD39CC004B792C /* CoordinatorAsStateMachine */ = {
			isa = PBXNativeTarget;
			buildConfigurationList = AFA7C3A628FD39CE004B792C /* Build configuration list for PBXNativeTarget "CoordinatorAsStateMachine" */;
			buildPhases = (
				AFA7C38E28FD39CC004B792C /* Sources */,
				AFA7C38F28FD39CC004B792C /* Frameworks */,
				AFA7C39028FD39CC004B792C /* Resources */,
			);
			buildRules = (
			);
			dependencies = (
			);
			name = CoordinatorAsStateMachine;
			productName = CoordinatorAsStateMachine;
			productReference = AFA7C39228FD39CC004B792C /* CoordinatorAsStateMachine.app */;
			productType = "com.apple.product-type.application";
		};
/* End PBXNativeTarget section */

/* Begin PBXProject section */
		AFA7C38A28FD39CC004B792C /* Project object */ = {
			isa = PBXProject;
			attributes = {
				BuildIndependentTargetsInParallel = 1;
				LastSwiftUpdateCheck = 1400;
				LastUpgradeCheck = 1400;
				TargetAttributes = {
					AFA7C39128FD39CC004B792C = {
						CreatedOnToolsVersion = 14.0;
						LastSwiftMigration = 1400;
					};
				};
			};
			buildConfigurationList = AFA7C38D28FD39CC004B792C /* Build configuration list for PBXProject "CoordinatorAsStateMachine" */;
			compatibilityVersion = "Xcode 14.0";
			developmentRegion = en;
			hasScannedForEncodings = 0;
			knownRegions = (
				en,
				Base,
			);
			mainGroup = AFA7C38928FD39CC004B792C;
			productRefGroup = AFA7C39328FD39CC004B792C /* Products */;
			projectDirPath = "";
			projectRoot = "";
			targets = (
				AFA7C39128FD39CC004B792C /* CoordinatorAsStateMachine */,
			);
		};
/* End PBXProject section */

/* Begin PBXResourcesBuildPhase section */
		AFA7C39028FD39CC004B792C /* Resources */ = {
			isa = PBXResourcesBuildPhase;
			buildActionMask = 2147483647;
			files = (
				AFA7C3D228FD3A90004B792C /* DetailViewController.xib in Resources */,
				AFA7C3D328FD3A90004B792C /* ListViewController.xib in Resources */,
				AFA7C3DB28FD3A90004B792C /* LaunchScreen.storyboard in Resources */,
				AFA7C3C828FD3A90004B792C /* Assets.xcassets in Resources */,
			);
			runOnlyForDeploymentPostprocessing = 0;
		};
/* End PBXResourcesBuildPhase section */

/* Begin PBXSourcesBuildPhase section */
		AFA7C38E28FD39CC004B792C /* Sources */ = {
			isa = PBXSourcesBuildPhase;
			buildActionMask = 2147483647;
			files = (
				AFA7C3D128FD3A90004B792C /* DetailViewController.swift in Sources */,
				AFA7C3CF28FD3A90004B792C /* AppDelegate.swift in Sources */,
				AFA7C3CB28FD3A90004B792C /* AllCoordinator.swift in Sources */,
				AFA7C3CE28FD3A90004B792C /* Notifications.swift in Sources */,
				AFA7C3D928FD3A90004B792C /* DetailState.swift in Sources */,
				AFA7C3D528FD3A90004B792C /* ViewController.swift in Sources */,
				AFA7C3DA28FD3A90004B792C /* Language.swift in Sources */,
				AFA7C3CC28FD3A90004B792C /* Coordinator.swift in Sources */,
				AFA7C3D728FD3A90004B792C /* AllState.swift in Sources */,
				AFA7C3D828FD3A90004B792C /* StateMachine.swift in Sources */,
				AFA7C3C928FD3A90004B792C /* DetailCoordinator.swift in Sources */,
				AFA7C3CA28FD3A90004B792C /* ApplicationCoordinator.swift in Sources */,
				AFA7C3D428FD3A90004B792C /* ListViewController.swift in Sources */,
			);
			runOnlyForDeploymentPostprocessing = 0;
		};
/* End PBXSourcesBuildPhase section */

/* Begin XCBuildConfiguration section */
		AFA7C3A428FD39CE004B792C /* Debug */ = {
			isa = XCBuildConfiguration;
			buildSettings = {
				ALWAYS_SEARCH_USER_PATHS = NO;
				CLANG_ANALYZER_NONNULL = YES;
				CLANG_ANALYZER_NUMBER_OBJECT_CONVERSION = YES_AGGRESSIVE;
				CLANG_CXX_LANGUAGE_STANDARD = "gnu++20";
				CLANG_ENABLE_MODULES = YES;
				CLANG_ENABLE_OBJC_ARC = YES;
				CLANG_ENABLE_OBJC_WEAK = YES;
				CLANG_WARN_BLOCK_CAPTURE_AUTORELEASING = YES;
				CLANG_WARN_BOOL_CONVERSION = YES;
				CLANG_WARN_COMMA = YES;
				CLANG_WARN_CONSTANT_CONVERSION = YES;
				CLANG_WARN_DEPRECATED_OBJC_IMPLEMENTATIONS = YES;
				CLANG_WARN_DIRECT_OBJC_ISA_USAGE = YES_ERROR;
				CLANG_WARN_DOCUMENTATION_COMMENTS = YES;
				CLANG_WARN_EMPTY_BODY = YES;
				CLANG_WARN_ENUM_CONVERSION = YES;
				CLANG_WARN_INFINITE_RECURSION = YES;
				CLANG_WARN_INT_CONVERSION = YES;
				CLANG_WARN_NON_LITERAL_NULL_CONVERSION = YES;
				CLANG_WARN_OBJC_IMPLICIT_RETAIN_SELF = YES;
				CLANG_WARN_OBJC_LITERAL_CONVERSION = YES;
				CLANG_WARN_OBJC_ROOT_CLASS = YES_ERROR;
				CLANG_WARN_QUOTED_INCLUDE_IN_FRAMEWORK_HEADER = YES;
				CLANG_WARN_RANGE_LOOP_ANALYSIS = YES;
				CLANG_WARN_STRICT_PROTOTYPES = YES;
				CLANG_WARN_SUSPICIOUS_MOVE = YES;
				CLANG_WARN_UNGUARDED_AVAILABILITY = YES_AGGRESSIVE;
				CLANG_WARN_UNREACHABLE_CODE = YES;
				CLANG_WARN__DUPLICATE_METHOD_MATCH = YES;
				COPY_PHASE_STRIP = NO;
				DEBUG_INFORMATION_FORMAT = dwarf;
				ENABLE_STRICT_OBJC_MSGSEND = YES;
				ENABLE_TESTABILITY = YES;
				GCC_C_LANGUAGE_STANDARD = gnu11;
				GCC_DYNAMIC_NO_PIC = NO;
				GCC_NO_COMMON_BLOCKS = YES;
				GCC_OPTIMIZATION_LEVEL = 0;
				GCC_PREPROCESSOR_DEFINITIONS = (
					"DEBUG=1",
					"$(inherited)",
				);
				GCC_WARN_64_TO_32_BIT_CONVERSION = YES;
				GCC_WARN_ABOUT_RETURN_TYPE = YES_ERROR;
				GCC_WARN_UNDECLARED_SELECTOR = YES;
				GCC_WARN_UNINITIALIZED_AUTOS = YES_AGGRESSIVE;
				GCC_WARN_UNUSED_FUNCTION = YES;
				GCC_WARN_UNUSED_VARIABLE = YES;
				IPHONEOS_DEPLOYMENT_TARGET = 13.0;
				MTL_ENABLE_DEBUG_INFO = INCLUDE_SOURCE;
				MTL_FAST_MATH = YES;
				ONLY_ACTIVE_ARCH = YES;
				SDKROOT = iphoneos;
				SWIFT_ACTIVE_COMPILATION_CONDITIONS = DEBUG;
				SWIFT_OPTIMIZATION_LEVEL = "-Onone";
			};
			name = Debug;
		};
		AFA7C3A528FD39CE004B792C /* Release */ = {
			isa = XCBuildConfiguration;
			buildSettings = {
				ALWAYS_SEARCH_USER_PATHS = NO;
				CLANG_ANALYZER_NONNULL = YES;
				CLANG_ANALYZER_NUMBER_OBJECT_CONVERSION = YES_AGGRESSIVE;
				CLANG_CXX_LANGUAGE_STANDARD = "gnu++20";
				CLANG_ENABLE_MODULES = YES;
				CLANG_ENABLE_OBJC_ARC = YES;
				CLANG_ENABLE_OBJC_WEAK = YES;
				CLANG_WARN_BLOCK_CAPTURE_AUTORELEASING = YES;
				CLANG_WARN_BOOL_CONVERSION = YES;
				CLANG_WARN_COMMA = YES;
				CLANG_WARN_CONSTANT_CONVERSION = YES;
				CLANG_WARN_DEPRECATED_OBJC_IMPLEMENTATIONS = YES;
				CLANG_WARN_DIRECT_OBJC_ISA_USAGE = YES_ERROR;
				CLANG_WARN_DOCUMENTATION_COMMENTS = YES;
				CLANG_WARN_EMPTY_BODY = YES;
				CLANG_WARN_ENUM_CONVERSION = YES;
				CLANG_WARN_INFINITE_RECURSION = YES;
				CLANG_WARN_INT_CONVERSION = YES;
				CLANG_WARN_NON_LITERAL_NULL_CONVERSION = YES;
				CLANG_WARN_OBJC_IMPLICIT_RETAIN_SELF = YES;
				CLANG_WARN_OBJC_LITERAL_CONVERSION = YES;
				CLANG_WARN_OBJC_ROOT_CLASS = YES_ERROR;
				CLANG_WARN_QUOTED_INCLUDE_IN_FRAMEWORK_HEADER = YES;
				CLANG_WARN_RANGE_LOOP_ANALYSIS = YES;
				CLANG_WARN_STRICT_PROTOTYPES = YES;
				CLANG_WARN_SUSPICIOUS_MOVE = YES;
				CLANG_WARN_UNGUARDED_AVAILABILITY = YES_AGGRESSIVE;
				CLANG_WARN_UNREACHABLE_CODE = YES;
				CLANG_WARN__DUPLICATE_METHOD_MATCH = YES;
				COPY_PHASE_STRIP = NO;
				DEBUG_INFORMATION_FORMAT = "dwarf-with-dsym";
				ENABLE_NS_ASSERTIONS = NO;
				ENABLE_STRICT_OBJC_MSGSEND = YES;
				GCC_C_LANGUAGE_STANDARD = gnu11;
				GCC_NO_COMMON_BLOCKS = YES;
				GCC_WARN_64_TO_32_BIT_CONVERSION = YES;
				GCC_WARN_ABOUT_RETURN_TYPE = YES_ERROR;
				GCC_WARN_UNDECLARED_SELECTOR = YES;
				GCC_WARN_UNINITIALIZED_AUTOS = YES_AGGRESSIVE;
				GCC_WARN_UNUSED_FUNCTION = YES;
				GCC_WARN_UNUSED_VARIABLE = YES;
				IPHONEOS_DEPLOYMENT_TARGET = 13.0;
				MTL_ENABLE_DEBUG_INFO = NO;
				MTL_FAST_MATH = YES;
				SDKROOT = iphoneos;
				SWIFT_COMPILATION_MODE = wholemodule;
				SWIFT_OPTIMIZATION_LEVEL = "-O";
				VALIDATE_PRODUCT = YES;
			};
			name = Release;
		};
		AFA7C3A728FD39CE004B792C /* Debug */ = {
			isa = XCBuildConfiguration;
			buildSettings = {
				ASSETCATALOG_COMPILER_APPICON_NAME = AppIcon;
				ASSETCATALOG_COMPILER_GLOBAL_ACCENT_COLOR_NAME = AccentColor;
				CLANG_ENABLE_MODULES = YES;
				CODE_SIGN_STYLE = Manual;
				CURRENT_PROJECT_VERSION = 1;
				DEVELOPMENT_TEAM = "";
				GENERATE_INFOPLIST_FILE = YES;
				INFOPLIST_FILE = CoordinatorAsStateMachine/Application/Info.plist;
				INFOPLIST_KEY_UIApplicationSupportsIndirectInputEvents = YES;
				INFOPLIST_KEY_UILaunchStoryboardName = LaunchScreen;
				INFOPLIST_KEY_UISupportedInterfaceOrientations = UIInterfaceOrientationPortrait;
				INFOPLIST_KEY_UISupportedInterfaceOrientations_iPad = "UIInterfaceOrientationLandscapeLeft UIInterfaceOrientationLandscapeRight UIInterfaceOrientationPortrait UIInterfaceOrientationPortraitUpsideDown";
				IPHONEOS_DEPLOYMENT_TARGET = 13.0;
				LD_RUNPATH_SEARCH_PATHS = (
					"$(inherited)",
					"@executable_path/Frameworks",
				);
				MARKETING_VERSION = 1.0;
				PRODUCT_BUNDLE_IDENTIFIER = ru.asychev.CoordinatorAsStateMachine;
				PRODUCT_NAME = "$(TARGET_NAME)";
				PROVISIONING_PROFILE_SPECIFIER = "";
				SUPPORTED_PLATFORMS = "iphoneos iphonesimulator";
				SUPPORTS_MACCATALYST = NO;
				SUPPORTS_MAC_DESIGNED_FOR_IPHONE_IPAD = NO;
				SWIFT_EMIT_LOC_STRINGS = YES;
				SWIFT_OPTIMIZATION_LEVEL = "-Onone";
				SWIFT_VERSION = 5.0;
				TARGETED_DEVICE_FAMILY = 1;
			};
			name = Debug;
		};
		AFA7C3A828FD39CE004B792C /* Release */ = {
			isa = XCBuildConfiguration;
			buildSettings = {
				ASSETCATALOG_COMPILER_APPICON_NAME = AppIcon;
				ASSETCATALOG_COMPILER_GLOBAL_ACCENT_COLOR_NAME = AccentColor;
				CLANG_ENABLE_MODULES = YES;
				CODE_SIGN_STYLE = Manual;
				CURRENT_PROJECT_VERSION = 1;
				DEVELOPMENT_TEAM = "";
				GENERATE_INFOPLIST_FILE = YES;
				INFOPLIST_FILE = CoordinatorAsStateMachine/Application/Info.plist;
				INFOPLIST_KEY_UIApplicationSupportsIndirectInputEvents = YES;
				INFOPLIST_KEY_UILaunchStoryboardName = LaunchScreen;
				INFOPLIST_KEY_UISupportedInterfaceOrientations = UIInterfaceOrientationPortrait;
				INFOPLIST_KEY_UISupportedInterfaceOrientations_iPad = "UIInterfaceOrientationLandscapeLeft UIInterfaceOrientationLandscapeRight UIInterfaceOrientationPortrait UIInterfaceOrientationPortraitUpsideDown";
				IPHONEOS_DEPLOYMENT_TARGET = 13.0;
				LD_RUNPATH_SEARCH_PATHS = (
					"$(inherited)",
					"@executable_path/Frameworks",
				);
				MARKETING_VERSION = 1.0;
				PRODUCT_BUNDLE_IDENTIFIER = ru.asychev.CoordinatorAsStateMachine;
				PRODUCT_NAME = "$(TARGET_NAME)";
				PROVISIONING_PROFILE_SPECIFIER = "";
				SUPPORTED_PLATFORMS = "iphoneos iphonesimulator";
				SUPPORTS_MACCATALYST = NO;
				SUPPORTS_MAC_DESIGNED_FOR_IPHONE_IPAD = NO;
				SWIFT_EMIT_LOC_STRINGS = YES;
				SWIFT_VERSION = 5.0;
				TARGETED_DEVICE_FAMILY = 1;
			};
			name = Release;
		};
/* End XCBuildConfiguration section */

/* Begin XCConfigurationList section */
		AFA7C38D28FD39CC004B792C /* Build configuration list for PBXProject "CoordinatorAsStateMachine" */ = {
			isa = XCConfigurationList;
			buildConfigurations = (
				AFA7C3A428FD39CE004B792C /* Debug */,
				AFA7C3A528FD39CE004B792C /* Release */,
			);
			defaultConfigurationIsVisible = 0;
			defaultConfigurationName = Release;
		};
		AFA7C3A628FD39CE004B792C /* Build configuration list for PBXNativeTarget "CoordinatorAsStateMachine" */ = {
			isa = XCConfigurationList;
			buildConfigurations = (
				AFA7C3A728FD39CE004B792C /* Debug */,
				AFA7C3A828FD39CE004B792C /* Release */,
			);
			defaultConfigurationIsVisible = 0;
			defaultConfigurationName = Release;
		};
/* End XCConfigurationList section */
	};
	rootObject = AFA7C38A28FD39CC004B792C /* Project object */;
}
